# This file is generated by running "yarn install" inside your project.
# Manual changes might be lost - proceed with caution!

__metadata:
  version: 8
  cacheKey: 10c0

"@cspotcode/source-map-support@npm:^0.8.0":
  version: 0.8.1
  resolution: "@cspotcode/source-map-support@npm:0.8.1"
  dependencies:
    "@jridgewell/trace-mapping": "npm:0.3.9"
  checksum: 10c0/05c5368c13b662ee4c122c7bfbe5dc0b613416672a829f3e78bc49a357a197e0218d6e74e7c66cfcd04e15a179acab080bd3c69658c9fbefd0e1ccd950a07fc6
  languageName: node
  linkType: hard

"@fastify/ajv-compiler@npm:^4.0.0":
  version: 4.0.2
  resolution: "@fastify/ajv-compiler@npm:4.0.2"
  dependencies:
    ajv: "npm:^8.12.0"
    ajv-formats: "npm:^3.0.1"
    fast-uri: "npm:^3.0.0"
  checksum: 10c0/ca048db219cc958fb1b962f5dfc141f29e067ecb28a8dbe782bbef80ae3c920021468009cad613f0ed68db410890bb09c773ba2f33cb13e055b48c9c338bd8fa
  languageName: node
  linkType: hard

"@fastify/error@npm:^4.0.0":
  version: 4.1.0
  resolution: "@fastify/error@npm:4.1.0"
  checksum: 10c0/11215eb80ec0bd0a6333d8e939461123269cdbb2eb9ec853faee50f2b8284cbd7a826e654665ff37c120bdfc4a6e0f2f17f33f84f2255291a234b012dd129d53
  languageName: node
  linkType: hard

"@fastify/fast-json-stringify-compiler@npm:^5.0.0":
  version: 5.0.2
  resolution: "@fastify/fast-json-stringify-compiler@npm:5.0.2"
  dependencies:
    fast-json-stringify: "npm:^6.0.0"
  checksum: 10c0/835f91cdb4911bbf50884ce60fa6937564e50f81cb134e81e251344ad7ec022ac500a54843e5167819a214828a369c996e68fbd5347965d336908b44904812e3
  languageName: node
  linkType: hard

"@fastify/forwarded@npm:^3.0.0":
  version: 3.0.0
  resolution: "@fastify/forwarded@npm:3.0.0"
  checksum: 10c0/bd139ee46c193ed9e04af2539f31fcb9e542b91917820f6cf401d5715c4c8bcccaae4a148e0ca14eeddee077ad8a3ab73e6f0f1ad769aff861fcef5f0a28e0d2
  languageName: node
  linkType: hard

"@fastify/merge-json-schemas@npm:^0.2.0":
  version: 0.2.1
  resolution: "@fastify/merge-json-schemas@npm:0.2.1"
  dependencies:
    dequal: "npm:^2.0.3"
  checksum: 10c0/dfa884a8f62d53f71de273fdcd0e501b213367767a7d8c522ae87ba6fb571b3eea85175d6e019036d7c0c5419be60305abe54899b9459f76ed5333358699efcb
  languageName: node
  linkType: hard

"@fastify/proxy-addr@npm:^5.0.0":
  version: 5.0.0
  resolution: "@fastify/proxy-addr@npm:5.0.0"
  dependencies:
    "@fastify/forwarded": "npm:^3.0.0"
    ipaddr.js: "npm:^2.1.0"
  checksum: 10c0/5a7d667480c3699015aa9bc12a47b6044106f412725d91a1b90f4a7845390c710486f05d322a895c633fb32a5ba1a17e598cb72e727337862034034443d59bcd
  languageName: node
  linkType: hard

"@isaacs/cliui@npm:^8.0.2":
  version: 8.0.2
  resolution: "@isaacs/cliui@npm:8.0.2"
  dependencies:
    string-width: "npm:^5.1.2"
    string-width-cjs: "npm:string-width@^4.2.0"
    strip-ansi: "npm:^7.0.1"
    strip-ansi-cjs: "npm:strip-ansi@^6.0.1"
    wrap-ansi: "npm:^8.1.0"
    wrap-ansi-cjs: "npm:wrap-ansi@^7.0.0"
  checksum: 10c0/b1bf42535d49f11dc137f18d5e4e63a28c5569de438a221c369483731e9dac9fb797af554e8bf02b6192d1e5eba6e6402cf93900c3d0ac86391d00d04876789e
  languageName: node
  linkType: hard

"@jridgewell/resolve-uri@npm:^3.0.3":
  version: 3.1.1
  resolution: "@jridgewell/resolve-uri@npm:3.1.1"
  checksum: 10c0/0dbc9e29bc640bbbdc5b9876d2859c69042bfcf1423c1e6421bcca53e826660bff4e41c7d4bcb8dbea696404231a6f902f76ba41835d049e20f2dd6cffb713bf
  languageName: node
  linkType: hard

"@jridgewell/sourcemap-codec@npm:^1.4.10":
  version: 1.4.15
  resolution: "@jridgewell/sourcemap-codec@npm:1.4.15"
  checksum: 10c0/0c6b5ae663087558039052a626d2d7ed5208da36cfd707dcc5cea4a07cfc918248403dcb5989a8f7afaf245ce0573b7cc6fd94c4a30453bd10e44d9363940ba5
  languageName: node
  linkType: hard

"@jridgewell/trace-mapping@npm:0.3.9":
  version: 0.3.9
  resolution: "@jridgewell/trace-mapping@npm:0.3.9"
  dependencies:
    "@jridgewell/resolve-uri": "npm:^3.0.3"
    "@jridgewell/sourcemap-codec": "npm:^1.4.10"
  checksum: 10c0/fa425b606d7c7ee5bfa6a31a7b050dd5814b4082f318e0e4190f991902181b4330f43f4805db1dd4f2433fd0ed9cc7a7b9c2683f1deeab1df1b0a98b1e24055b
  languageName: node
  linkType: hard

"@lukeed/csprng@npm:^1.0.0":
  version: 1.1.0
  resolution: "@lukeed/csprng@npm:1.1.0"
  checksum: 10c0/5d6dcf478af732972083ab2889c294b57f1028fa13c2c240d7a4aaa079c2c75df7ef0dcbdda5419147fc6704b4adf96b2de92f1a9a72ac21c6350c4014fffe6c
  languageName: node
  linkType: hard

"@nestjs/common@npm:^11.0.12":
  version: 11.0.12
  resolution: "@nestjs/common@npm:11.0.12"
  dependencies:
    iterare: "npm:1.2.1"
    tslib: "npm:2.8.1"
    uid: "npm:2.0.2"
  peerDependencies:
    class-transformer: "*"
    class-validator: "*"
    reflect-metadata: ^0.1.12 || ^0.2.0
    rxjs: ^7.1.0
  peerDependenciesMeta:
    class-transformer:
      optional: true
    class-validator:
      optional: true
  checksum: 10c0/cf8976279dfd04e6a6c2f909e36dcfb4d06207e8dc0eafffcd966fc2d7a147ce511f0ca616c9157fe7c1a316e81241b372d569ab8b8b0aa587cd42283ce0f0f2
  languageName: node
  linkType: hard

"@pkgjs/parseargs@npm:^0.11.0":
  version: 0.11.0
  resolution: "@pkgjs/parseargs@npm:0.11.0"
  checksum: 10c0/5bd7576bb1b38a47a7fc7b51ac9f38748e772beebc56200450c4a817d712232b8f1d3ef70532c80840243c657d491cf6a6be1e3a214cff907645819fdc34aadd
  languageName: node
  linkType: hard

"@tsconfig/node10@npm:^1.0.7":
  version: 1.0.9
  resolution: "@tsconfig/node10@npm:1.0.9"
  checksum: 10c0/c176a2c1e1b16be120c328300ea910df15fb9a5277010116d26818272341a11483c5a80059389d04edacf6fd2d03d4687ad3660870fdd1cc0b7109e160adb220
  languageName: node
  linkType: hard

"@tsconfig/node12@npm:^1.0.7":
  version: 1.0.11
  resolution: "@tsconfig/node12@npm:1.0.11"
  checksum: 10c0/dddca2b553e2bee1308a056705103fc8304e42bb2d2cbd797b84403a223b25c78f2c683ec3e24a095e82cd435387c877239bffcb15a590ba817cd3f6b9a99fd9
  languageName: node
  linkType: hard

"@tsconfig/node14@npm:^1.0.0":
  version: 1.0.3
  resolution: "@tsconfig/node14@npm:1.0.3"
  checksum: 10c0/67c1316d065fdaa32525bc9449ff82c197c4c19092b9663b23213c8cbbf8d88b6ed6a17898e0cbc2711950fbfaf40388938c1c748a2ee89f7234fc9e7fe2bf44
  languageName: node
  linkType: hard

"@tsconfig/node16@npm:^1.0.2":
  version: 1.0.4
  resolution: "@tsconfig/node16@npm:1.0.4"
  checksum: 10c0/05f8f2734e266fb1839eb1d57290df1664fe2aa3b0fdd685a9035806daa635f7519bf6d5d9b33f6e69dd545b8c46bd6e2b5c79acb2b1f146e885f7f11a42a5bb
  languageName: node
  linkType: hard

"@types/node@npm:^20.9.1":
  version: 20.17.27
  resolution: "@types/node@npm:20.17.27"
  dependencies:
    undici-types: "npm:~6.19.2"
  checksum: 10c0/09f30c65e5f2a082eddf26a7ffa859bf2b77e1123829309823e7691227fd5a691b30cd3ac413d65829aa25c1eebd2f717bed80f2f8a7f83aaa6c2c3a047b3504
  languageName: node
  linkType: hard

"abstract-logging@npm:^2.0.1":
  version: 2.0.1
  resolution: "abstract-logging@npm:2.0.1"
  checksum: 10c0/304879d9babcf6772260e5ddde632e6428e1f42f7a7a116d4689e97ad813a20e0ec2dd1e0a122f3617557f40091b9ca85735de4b48c17a2041268cb47b3f8ef1
  languageName: node
  linkType: hard

"acorn-walk@npm:^8.1.1":
  version: 8.3.0
  resolution: "acorn-walk@npm:8.3.0"
  checksum: 10c0/24346e595f507b6e704a60d35f3c5e1aa9891d4fb6a3fc3d856503ab718cc26cabb5e3e1ff0ff8da6ec03d60a8226ebdb602805a94f970e7f797ea3b8b09437f
  languageName: node
  linkType: hard

"acorn@npm:^8.4.1":
  version: 8.11.2
  resolution: "acorn@npm:8.11.2"
  bin:
    acorn: bin/acorn
  checksum: 10c0/a3ed76c761b75ec54b1ec3068fb7f113a182e95aea7f322f65098c2958d232e3d211cb6dac35ff9c647024b63714bc528a26d54a925d1fef2c25585b4c8e4017
  languageName: node
  linkType: hard

"ajv-formats@npm:^3.0.1":
  version: 3.0.1
  resolution: "ajv-formats@npm:3.0.1"
  dependencies:
    ajv: "npm:^8.0.0"
  peerDependencies:
    ajv: ^8.0.0
  peerDependenciesMeta:
    ajv:
      optional: true
  checksum: 10c0/168d6bca1ea9f163b41c8147bae537e67bd963357a5488a1eaf3abe8baa8eec806d4e45f15b10767e6020679315c7e1e5e6803088dfb84efa2b4e9353b83dd0a
  languageName: node
  linkType: hard

"ajv@npm:^8.0.0, ajv@npm:^8.12.0":
  version: 8.17.1
  resolution: "ajv@npm:8.17.1"
  dependencies:
    fast-deep-equal: "npm:^3.1.3"
    fast-uri: "npm:^3.0.1"
    json-schema-traverse: "npm:^1.0.0"
    require-from-string: "npm:^2.0.2"
  checksum: 10c0/ec3ba10a573c6b60f94639ffc53526275917a2df6810e4ab5a6b959d87459f9ef3f00d5e7865b82677cb7d21590355b34da14d1d0b9c32d75f95a187e76fff35
  languageName: node
  linkType: hard

"ansi-regex@npm:^5.0.1":
  version: 5.0.1
  resolution: "ansi-regex@npm:5.0.1"
  checksum: 10c0/9a64bb8627b434ba9327b60c027742e5d17ac69277960d041898596271d992d4d52ba7267a63ca10232e29f6107fc8a835f6ce8d719b88c5f8493f8254813737
  languageName: node
  linkType: hard

"ansi-regex@npm:^6.0.1":
  version: 6.0.1
  resolution: "ansi-regex@npm:6.0.1"
  checksum: 10c0/cbe16dbd2c6b2735d1df7976a7070dd277326434f0212f43abf6d87674095d247968209babdaad31bb00882fa68807256ba9be340eec2f1004de14ca75f52a08
  languageName: node
  linkType: hard

"ansi-styles@npm:^4.0.0":
  version: 4.3.0
  resolution: "ansi-styles@npm:4.3.0"
  dependencies:
    color-convert: "npm:^2.0.1"
  checksum: 10c0/895a23929da416f2bd3de7e9cb4eabd340949328ab85ddd6e484a637d8f6820d485f53933446f5291c3b760cbc488beb8e88573dd0f9c7daf83dccc8fe81b041
  languageName: node
  linkType: hard

"ansi-styles@npm:^6.1.0":
  version: 6.2.1
  resolution: "ansi-styles@npm:6.2.1"
  checksum: 10c0/5d1ec38c123984bcedd996eac680d548f31828bd679a66db2bdf11844634dde55fec3efa9c6bb1d89056a5e79c1ac540c4c784d592ea1d25028a92227d2f2d5c
  languageName: node
  linkType: hard

"arg@npm:^4.1.0":
  version: 4.1.3
  resolution: "arg@npm:4.1.3"
  checksum: 10c0/070ff801a9d236a6caa647507bdcc7034530604844d64408149a26b9e87c2f97650055c0f049abd1efc024b334635c01f29e0b632b371ac3f26130f4cf65997a
  languageName: node
  linkType: hard

"atomic-sleep@npm:^1.0.0":
  version: 1.0.0
  resolution: "atomic-sleep@npm:1.0.0"
  checksum: 10c0/e329a6665512736a9bbb073e1761b4ec102f7926cce35037753146a9db9c8104f5044c1662e4a863576ce544fb8be27cd2be6bc8c1a40147d03f31eb1cfb6e8a
  languageName: node
  linkType: hard

"avvio@npm:^9.0.0":
  version: 9.1.0
  resolution: "avvio@npm:9.1.0"
  dependencies:
    "@fastify/error": "npm:^4.0.0"
    fastq: "npm:^1.17.1"
  checksum: 10c0/bdc294a7e8f38e1e21f9d338d97d7240025db54f1005fc419cfe0499a35edf2276ab1fe91135739faa3a9437358ec6912d5a56f23361b061880333cb4f1c7884
  languageName: node
  linkType: hard

"balanced-match@npm:^1.0.0":
  version: 1.0.2
  resolution: "balanced-match@npm:1.0.2"
  checksum: 10c0/9308baf0a7e4838a82bbfd11e01b1cb0f0cf2893bc1676c27c2a8c0e70cbae1c59120c3268517a8ae7fb6376b4639ef81ca22582611dbee4ed28df945134aaee
  languageName: node
  linkType: hard

"base64-js@npm:^1.3.1":
  version: 1.5.1
  resolution: "base64-js@npm:1.5.1"
  checksum: 10c0/f23823513b63173a001030fae4f2dabe283b99a9d324ade3ad3d148e218134676f1ee8568c877cd79ec1c53158dcf2d2ba527a97c606618928ba99dd930102bf
  languageName: node
  linkType: hard

"brace-expansion@npm:^2.0.1":
  version: 2.0.1
  resolution: "brace-expansion@npm:2.0.1"
  dependencies:
    balanced-match: "npm:^1.0.0"
  checksum: 10c0/b358f2fe060e2d7a87aa015979ecea07f3c37d4018f8d6deb5bd4c229ad3a0384fe6029bb76cd8be63c81e516ee52d1a0673edbe2023d53a5191732ae3c3e49f
  languageName: node
  linkType: hard

"buffer@npm:^5.2.1":
  version: 5.7.1
  resolution: "buffer@npm:5.7.1"
  dependencies:
    base64-js: "npm:^1.3.1"
    ieee754: "npm:^1.1.13"
  checksum: 10c0/27cac81cff434ed2876058d72e7c4789d11ff1120ef32c9de48f59eab58179b66710c488987d295ae89a228f835fc66d088652dffeb8e3ba8659f80eb091d55e
  languageName: node
  linkType: hard

"color-convert@npm:^2.0.1":
  version: 2.0.1
  resolution: "color-convert@npm:2.0.1"
  dependencies:
    color-name: "npm:~1.1.4"
  checksum: 10c0/37e1150172f2e311fe1b2df62c6293a342ee7380da7b9cfdba67ea539909afbd74da27033208d01d6d5cfc65ee7868a22e18d7e7648e004425441c0f8a15a7d7
  languageName: node
  linkType: hard

"color-name@npm:~1.1.4":
  version: 1.1.4
  resolution: "color-name@npm:1.1.4"
  checksum: 10c0/a1a3f914156960902f46f7f56bc62effc6c94e84b2cae157a526b1c1f74b677a47ec602bf68a61abfa2b42d15b7c5651c6dbe72a43af720bc588dff885b10f95
  languageName: node
  linkType: hard

"cookie@npm:^1.0.1":
  version: 1.0.2
  resolution: "cookie@npm:1.0.2"
  checksum: 10c0/fd25fe79e8fbcfcaf6aa61cd081c55d144eeeba755206c058682257cb38c4bd6795c6620de3f064c740695bb65b7949ebb1db7a95e4636efb8357a335ad3f54b
  languageName: node
  linkType: hard

"create-require@npm:^1.1.0":
  version: 1.1.1
  resolution: "create-require@npm:1.1.1"
  checksum: 10c0/157cbc59b2430ae9a90034a5f3a1b398b6738bf510f713edc4d4e45e169bc514d3d99dd34d8d01ca7ae7830b5b8b537e46ae8f3c8f932371b0875c0151d7ec91
  languageName: node
  linkType: hard

"cross-spawn@npm:^7.0.0":
  version: 7.0.3
  resolution: "cross-spawn@npm:7.0.3"
  dependencies:
    path-key: "npm:^3.1.0"
    shebang-command: "npm:^2.0.0"
    which: "npm:^2.0.1"
  checksum: 10c0/5738c312387081c98d69c98e105b6327b069197f864a60593245d64c8089c8a0a744e16349281210d56835bb9274130d825a78b2ad6853ca13cfbeffc0c31750
  languageName: node
  linkType: hard

"dequal@npm:^2.0.3":
  version: 2.0.3
  resolution: "dequal@npm:2.0.3"
  checksum: 10c0/f98860cdf58b64991ae10205137c0e97d384c3a4edc7f807603887b7c4b850af1224a33d88012009f150861cbee4fa2d322c4cc04b9313bee312e47f6ecaa888
  languageName: node
  linkType: hard

"diff@npm:^4.0.1":
  version: 4.0.2
  resolution: "diff@npm:4.0.2"
  checksum: 10c0/81b91f9d39c4eaca068eb0c1eb0e4afbdc5bb2941d197f513dd596b820b956fef43485876226d65d497bebc15666aa2aa82c679e84f65d5f2bfbf14ee46e32c1
  languageName: node
  linkType: hard

"eastasianwidth@npm:^0.2.0":
  version: 0.2.0
  resolution: "eastasianwidth@npm:0.2.0"
  checksum: 10c0/26f364ebcdb6395f95124fda411f63137a4bfb5d3a06453f7f23dfe52502905bd84e0488172e0f9ec295fdc45f05c23d5d91baf16bd26f0fe9acd777a188dc39
  languageName: node
  linkType: hard

"emoji-regex@npm:^8.0.0":
  version: 8.0.0
  resolution: "emoji-regex@npm:8.0.0"
  checksum: 10c0/b6053ad39951c4cf338f9092d7bfba448cdfd46fe6a2a034700b149ac9ffbc137e361cbd3c442297f86bed2e5f7576c1b54cc0a6bf8ef5106cc62f496af35010
  languageName: node
  linkType: hard

"emoji-regex@npm:^9.2.2":
  version: 9.2.2
  resolution: "emoji-regex@npm:9.2.2"
  checksum: 10c0/af014e759a72064cf66e6e694a7fc6b0ed3d8db680427b021a89727689671cefe9d04151b2cad51dbaf85d5ba790d061cd167f1cf32eb7b281f6368b3c181639
  languageName: node
  linkType: hard

"fast-decode-uri-component@npm:^1.0.1":
  version: 1.0.1
  resolution: "fast-decode-uri-component@npm:1.0.1"
  checksum: 10c0/039d50c2e99d64f999c3f2126c23fbf75a04a4117e218a149ca0b1d2aeb8c834b7b19d643b9d35d4eabce357189a6a94085f78cf48869e6e26cc59b036284bc3
  languageName: node
  linkType: hard

"fast-deep-equal@npm:^3.1.3":
  version: 3.1.3
  resolution: "fast-deep-equal@npm:3.1.3"
  checksum: 10c0/40dedc862eb8992c54579c66d914635afbec43350afbbe991235fdcb4e3a8d5af1b23ae7e79bef7d4882d0ecee06c3197488026998fb19f72dc95acff1d1b1d0
  languageName: node
  linkType: hard

"fast-json-stringify@npm:^6.0.0":
  version: 6.0.1
  resolution: "fast-json-stringify@npm:6.0.1"
  dependencies:
    "@fastify/merge-json-schemas": "npm:^0.2.0"
    ajv: "npm:^8.12.0"
    ajv-formats: "npm:^3.0.1"
    fast-uri: "npm:^3.0.0"
    json-schema-ref-resolver: "npm:^2.0.0"
    rfdc: "npm:^1.2.0"
  checksum: 10c0/898aecd164707bced980fef61b0480dd80a47f87674d7643a75a60e5eca346018ba2552de200260030215d89f218d9cd7f342df14eec88ed44d45c81e4aa0eb4
  languageName: node
  linkType: hard

"fast-querystring@npm:^1.0.0":
  version: 1.1.2
  resolution: "fast-querystring@npm:1.1.2"
  dependencies:
    fast-decode-uri-component: "npm:^1.0.1"
  checksum: 10c0/e8223273a9b199722f760f5a047a77ad049a14bd444b821502cb8218f5925e3a5fffb56b64389bca73ab2ac6f1aa7aebbe4e203e5f6e53ff5978de97c0fde4e3
  languageName: node
  linkType: hard

"fast-redact@npm:^3.1.1":
  version: 3.5.0
  resolution: "fast-redact@npm:3.5.0"
  checksum: 10c0/7e2ce4aad6e7535e0775bf12bd3e4f2e53d8051d8b630e0fa9e67f68cb0b0e6070d2f7a94b1d0522ef07e32f7c7cda5755e2b677a6538f1e9070ca053c42343a
  languageName: node
  linkType: hard

"fast-uri@npm:^3.0.0, fast-uri@npm:^3.0.1":
  version: 3.0.6
  resolution: "fast-uri@npm:3.0.6"
  checksum: 10c0/74a513c2af0584448aee71ce56005185f81239eab7a2343110e5bad50c39ad4fb19c5a6f99783ead1cac7ccaf3461a6034fda89fffa2b30b6d99b9f21c2f9d29
  languageName: node
  linkType: hard

"fastify@npm:^5.2.2":
  version: 5.2.2
  resolution: "fastify@npm:5.2.2"
  dependencies:
    "@fastify/ajv-compiler": "npm:^4.0.0"
    "@fastify/error": "npm:^4.0.0"
    "@fastify/fast-json-stringify-compiler": "npm:^5.0.0"
    "@fastify/proxy-addr": "npm:^5.0.0"
    abstract-logging: "npm:^2.0.1"
    avvio: "npm:^9.0.0"
    fast-json-stringify: "npm:^6.0.0"
    find-my-way: "npm:^9.0.0"
    light-my-request: "npm:^6.0.0"
    pino: "npm:^9.0.0"
    process-warning: "npm:^4.0.0"
    rfdc: "npm:^1.3.1"
    secure-json-parse: "npm:^3.0.1"
    semver: "npm:^7.6.0"
    toad-cache: "npm:^3.7.0"
  checksum: 10c0/2925f6b8370f72f86c1461645cdf6895f335c30b3fca37deed70339f568e77f7d69e83656dc11994d70b239319a63615673714db3111363bd5f83a3e56424a88
  languageName: node
  linkType: hard

"fastq@npm:^1.17.1":
  version: 1.19.1
  resolution: "fastq@npm:1.19.1"
  dependencies:
    reusify: "npm:^1.0.4"
  checksum: 10c0/ebc6e50ac7048daaeb8e64522a1ea7a26e92b3cee5cd1c7f2316cdca81ba543aa40a136b53891446ea5c3a67ec215fbaca87ad405f102dd97012f62916905630
  languageName: node
  linkType: hard

"find-my-way@npm:^9.0.0":
  version: 9.3.0
  resolution: "find-my-way@npm:9.3.0"
  dependencies:
    fast-deep-equal: "npm:^3.1.3"
    fast-querystring: "npm:^1.0.0"
    safe-regex2: "npm:^5.0.0"
  checksum: 10c0/f221bc0c70b2c2a6f9282fd3e0ac1911fcbb68ac718da043ddcefdec3b9d884a54d6ef1bf92e1b2ff83400e50f3c22141206a8ea3308bf0e9e37fd177843425d
  languageName: node
  linkType: hard

"foreground-child@npm:^3.1.0":
  version: 3.1.1
  resolution: "foreground-child@npm:3.1.1"
  dependencies:
    cross-spawn: "npm:^7.0.0"
    signal-exit: "npm:^4.0.1"
  checksum: 10c0/9700a0285628abaeb37007c9a4d92bd49f67210f09067638774338e146c8e9c825c5c877f072b2f75f41dc6a2d0be8664f79ffc03f6576649f54a84fb9b47de0
  languageName: node
  linkType: hard

"glob@npm:^10.3.7":
  version: 10.3.10
  resolution: "glob@npm:10.3.10"
  dependencies:
    foreground-child: "npm:^3.1.0"
    jackspeak: "npm:^2.3.5"
    minimatch: "npm:^9.0.1"
    minipass: "npm:^5.0.0 || ^6.0.2 || ^7.0.0"
    path-scurry: "npm:^1.10.1"
  bin:
    glob: dist/esm/bin.mjs
  checksum: 10c0/13d8a1feb7eac7945f8c8480e11cd4a44b24d26503d99a8d8ac8d5aefbf3e9802a2b6087318a829fad04cb4e829f25c5f4f1110c68966c498720dd261c7e344d
  languageName: node
  linkType: hard

"hyperid@npm:^3.1.1":
  version: 3.3.0
  resolution: "hyperid@npm:3.3.0"
  dependencies:
    buffer: "npm:^5.2.1"
    uuid: "npm:^8.3.2"
    uuid-parse: "npm:^1.1.0"
  checksum: 10c0/709dafd2a25e21086a2d881adb3436a16eafd28692ebd967829ca1d5f10adf001925feb23b6aadfee464ea313d851e7ba7a5452869aaf6cde15e9149793a09e0
  languageName: node
  linkType: hard

"ieee754@npm:^1.1.13":
  version: 1.2.1
  resolution: "ieee754@npm:1.2.1"
  checksum: 10c0/b0782ef5e0935b9f12883a2e2aa37baa75da6e66ce6515c168697b42160807d9330de9a32ec1ed73149aea02e0d822e572bca6f1e22bdcbd2149e13b050b17bb
  languageName: node
  linkType: hard

"ipaddr.js@npm:^2.1.0":
  version: 2.2.0
  resolution: "ipaddr.js@npm:2.2.0"
  checksum: 10c0/e4ee875dc1bd92ac9d27e06cfd87cdb63ca786ff9fd7718f1d4f7a8ef27db6e5d516128f52d2c560408cbb75796ac2f83ead669e73507c86282d45f84c5abbb6
  languageName: node
  linkType: hard

"is-fullwidth-code-point@npm:^3.0.0":
  version: 3.0.0
  resolution: "is-fullwidth-code-point@npm:3.0.0"
  checksum: 10c0/bb11d825e049f38e04c06373a8d72782eee0205bda9d908cc550ccb3c59b99d750ff9537982e01733c1c94a58e35400661f57042158ff5e8f3e90cf936daf0fc
  languageName: node
  linkType: hard

"isexe@npm:^2.0.0":
  version: 2.0.0
  resolution: "isexe@npm:2.0.0"
  checksum: 10c0/228cfa503fadc2c31596ab06ed6aa82c9976eec2bfd83397e7eaf06d0ccf42cd1dfd6743bf9aeb01aebd4156d009994c5f76ea898d2832c1fe342da923ca457d
  languageName: node
  linkType: hard

"iterare@npm:1.2.1":
  version: 1.2.1
  resolution: "iterare@npm:1.2.1"
  checksum: 10c0/02667d486e3e83ead028ba8484d927498c2ceab7e8c6a69dd881fd02abc4114f00b13abb36b592252fbb578b6e6f99ca1dfc2835408b9158c9a112a9964f453f
  languageName: node
  linkType: hard

"jackspeak@npm:^2.3.5":
  version: 2.3.6
  resolution: "jackspeak@npm:2.3.6"
  dependencies:
    "@isaacs/cliui": "npm:^8.0.2"
    "@pkgjs/parseargs": "npm:^0.11.0"
  dependenciesMeta:
    "@pkgjs/parseargs":
      optional: true
  checksum: 10c0/f01d8f972d894cd7638bc338e9ef5ddb86f7b208ce177a36d718eac96ec86638a6efa17d0221b10073e64b45edc2ce15340db9380b1f5d5c5d000cbc517dc111
  languageName: node
  linkType: hard

"json-schema-ref-resolver@npm:^2.0.0":
  version: 2.0.1
  resolution: "json-schema-ref-resolver@npm:2.0.1"
  dependencies:
    dequal: "npm:^2.0.3"
  checksum: 10c0/3ea894d79dd176b4ef31f1a3b7b335447b854780f2bc49af2918de0502d3eabad1889232a7a72c37f1c7ca429acc2eaad940ca5fd25f8ead044d5fecb00e0378
  languageName: node
  linkType: hard

"json-schema-traverse@npm:^1.0.0":
  version: 1.0.0
  resolution: "json-schema-traverse@npm:1.0.0"
  checksum: 10c0/71e30015d7f3d6dc1c316d6298047c8ef98a06d31ad064919976583eb61e1018a60a0067338f0f79cabc00d84af3fcc489bd48ce8a46ea165d9541ba17fb30c6
  languageName: node
  linkType: hard

"light-my-request@npm:^6.0.0":
  version: 6.6.0
  resolution: "light-my-request@npm:6.6.0"
  dependencies:
    cookie: "npm:^1.0.1"
    process-warning: "npm:^4.0.0"
    set-cookie-parser: "npm:^2.6.0"
  checksum: 10c0/1440853cd3822ab83fbb1be4456099082dec8e9e3a4ea35c9d8d7d17a7ab98c83ad0a4c39a73a8c2b31b9ca70c57506e5b7a929495c149463ca0daca0d90dc6f
  languageName: node
  linkType: hard

"lru-cache@npm:^6.0.0":
  version: 6.0.0
  resolution: "lru-cache@npm:6.0.0"
  dependencies:
    yallist: "npm:^4.0.0"
  checksum: 10c0/cb53e582785c48187d7a188d3379c181b5ca2a9c78d2bce3e7dee36f32761d1c42983da3fe12b55cb74e1779fa94cdc2e5367c028a9b35317184ede0c07a30a9
  languageName: node
  linkType: hard

"lru-cache@npm:^9.1.1 || ^10.0.0":
  version: 10.0.2
  resolution: "lru-cache@npm:10.0.2"
  dependencies:
    semver: "npm:^7.3.5"
  checksum: 10c0/5c83a7a2a320a445129cb67a1794437db5483942df63536026fba1cb7ba2e1f7456037876cc9d31076132010f92cb943bee358d336dd94105e50ea971e6d737d
  languageName: node
  linkType: hard

"make-error@npm:^1.1.1":
  version: 1.3.6
  resolution: "make-error@npm:1.3.6"
  checksum: 10c0/171e458d86854c6b3fc46610cfacf0b45149ba043782558c6875d9f42f222124384ad0b468c92e996d815a8a2003817a710c0a160e49c1c394626f76fa45396f
  languageName: node
  linkType: hard

"minimatch@npm:^9.0.1":
  version: 9.0.3
  resolution: "minimatch@npm:9.0.3"
  dependencies:
    brace-expansion: "npm:^2.0.1"
  checksum: 10c0/85f407dcd38ac3e180f425e86553911d101455ca3ad5544d6a7cec16286657e4f8a9aa6695803025c55e31e35a91a2252b5dc8e7d527211278b8b65b4dbd5eac
  languageName: node
  linkType: hard

"minipass@npm:^5.0.0 || ^6.0.2 || ^7.0.0":
  version: 7.0.4
  resolution: "minipass@npm:7.0.4"
  checksum: 10c0/6c7370a6dfd257bf18222da581ba89a5eaedca10e158781232a8b5542a90547540b4b9b7e7f490e4cda43acfbd12e086f0453728ecf8c19e0ef6921bc5958ac5
  languageName: node
  linkType: hard

"nestlogged-fastify@workspace:packages/nestlogged-fastify":
  version: 0.0.0-use.local
  resolution: "nestlogged-fastify@workspace:packages/nestlogged-fastify"
  dependencies:
    "@nestjs/common": "npm:^11.0.12"
    "@types/node": "npm:^20.9.1"
    fastify: "npm:^5.2.2"
    hyperid: "npm:^3.1.1"
    nestlogged: "npm:^3.2.5"
    reflect-metadata: "npm:^0.1.13"
    rxjs: "npm:^7.8.1"
    typescript: "npm:^5.2.2"
  languageName: unknown
  linkType: soft

"nestlogged-root@workspace:.":
  version: 0.0.0-use.local
  resolution: "nestlogged-root@workspace:."
  dependencies:
    prettier: "npm:^3.5.3"
    rimraf: "npm:^5.0.5"
    ts-node: "npm:^10.9.1"
    typescript: "npm:^5.2.2"
  languageName: unknown
  linkType: soft

"nestlogged@npm:^3.2.5, nestlogged@workspace:packages/nestlogged":
  version: 0.0.0-use.local
  resolution: "nestlogged@workspace:packages/nestlogged"
  dependencies:
    "@nestjs/common": "npm:^11.0.12"
    "@types/node": "npm:^20.9.1"
    hyperid: "npm:^3.1.1"
    reflect-metadata: "npm:^0.1.13"
    rxjs: "npm:^7.8.1"
    typescript: "npm:^5.2.2"
  languageName: unknown
  linkType: soft

"on-exit-leak-free@npm:^2.1.0":
  version: 2.1.2
  resolution: "on-exit-leak-free@npm:2.1.2"
  checksum: 10c0/faea2e1c9d696ecee919026c32be8d6a633a7ac1240b3b87e944a380e8a11dc9c95c4a1f8fb0568de7ab8db3823e790f12bda45296b1d111e341aad3922a0570
  languageName: node
  linkType: hard

"path-key@npm:^3.1.0":
  version: 3.1.1
  resolution: "path-key@npm:3.1.1"
  checksum: 10c0/748c43efd5a569c039d7a00a03b58eecd1d75f3999f5a28303d75f521288df4823bc057d8784eb72358b2895a05f29a070bc9f1f17d28226cc4e62494cc58c4c
  languageName: node
  linkType: hard

"path-scurry@npm:^1.10.1":
  version: 1.10.1
  resolution: "path-scurry@npm:1.10.1"
  dependencies:
    lru-cache: "npm:^9.1.1 || ^10.0.0"
    minipass: "npm:^5.0.0 || ^6.0.2 || ^7.0.0"
  checksum: 10c0/e5dc78a7348d25eec61ab166317e9e9c7b46818aa2c2b9006c507a6ff48c672d011292d9662527213e558f5652ce0afcc788663a061d8b59ab495681840c0c1e
  languageName: node
  linkType: hard

"pino-abstract-transport@npm:^2.0.0":
  version: 2.0.0
  resolution: "pino-abstract-transport@npm:2.0.0"
  dependencies:
    split2: "npm:^4.0.0"
  checksum: 10c0/02c05b8f2ffce0d7c774c8e588f61e8b77de8ccb5f8125afd4a7325c9ea0e6af7fb78168999657712ae843e4462bb70ac550dfd6284f930ee57f17f486f25a9f
  languageName: node
  linkType: hard

"pino-std-serializers@npm:^7.0.0":
  version: 7.0.0
  resolution: "pino-std-serializers@npm:7.0.0"
  checksum: 10c0/73e694d542e8de94445a03a98396cf383306de41fd75ecc07085d57ed7a57896198508a0dec6eefad8d701044af21eb27253ccc352586a03cf0d4a0bd25b4133
  languageName: node
  linkType: hard

"pino@npm:^9.0.0":
  version: 9.6.0
  resolution: "pino@npm:9.6.0"
  dependencies:
    atomic-sleep: "npm:^1.0.0"
    fast-redact: "npm:^3.1.1"
    on-exit-leak-free: "npm:^2.1.0"
    pino-abstract-transport: "npm:^2.0.0"
    pino-std-serializers: "npm:^7.0.0"
    process-warning: "npm:^4.0.0"
    quick-format-unescaped: "npm:^4.0.3"
    real-require: "npm:^0.2.0"
    safe-stable-stringify: "npm:^2.3.1"
    sonic-boom: "npm:^4.0.1"
    thread-stream: "npm:^3.0.0"
  bin:
    pino: bin.js
  checksum: 10c0/bcd1e9d9b301bea13b95689ca9ad7105ae9451928fb6c0b67b3e58c5fe37cea1d40665f3d6641e3da00be0bbc17b89031e67abbc8ea6aac6164f399309fd78e7
  languageName: node
  linkType: hard

"prettier@npm:^3.5.3":
  version: 3.5.3
  resolution: "prettier@npm:3.5.3"
  bin:
    prettier: bin/prettier.cjs
  checksum: 10c0/3880cb90b9dc0635819ab52ff571518c35bd7f15a6e80a2054c05dbc8a3aa6e74f135519e91197de63705bcb38388ded7e7230e2178432a1468005406238b877
  languageName: node
  linkType: hard

"process-warning@npm:^4.0.0":
  version: 4.0.1
  resolution: "process-warning@npm:4.0.1"
  checksum: 10c0/577a268b9fd5c3d9f6dbb4348220099391d830905642845d591e7ee8b1e45043d98b7b9826a3c1379bdd1686cdfe0f6cf349cb812affc5853b662e6a9896579e
  languageName: node
  linkType: hard

"quick-format-unescaped@npm:^4.0.3":
  version: 4.0.4
  resolution: "quick-format-unescaped@npm:4.0.4"
  checksum: 10c0/fe5acc6f775b172ca5b4373df26f7e4fd347975578199e7d74b2ae4077f0af05baa27d231de1e80e8f72d88275ccc6028568a7a8c9ee5e7368ace0e18eff93a4
  languageName: node
  linkType: hard

"real-require@npm:^0.2.0":
  version: 0.2.0
  resolution: "real-require@npm:0.2.0"
  checksum: 10c0/23eea5623642f0477412ef8b91acd3969015a1501ed34992ada0e3af521d3c865bb2fe4cdbfec5fe4b505f6d1ef6a03e5c3652520837a8c3b53decff7e74b6a0
  languageName: node
  linkType: hard

"reflect-metadata@npm:^0.1.13":
  version: 0.1.14
  resolution: "reflect-metadata@npm:0.1.14"
  checksum: 10c0/3a6190c7f6cb224f26a012d11f9e329360c01c1945e2cbefea23976a8bacf9db6b794aeb5bf18adcb673c448a234fbc06fc41853c00a6c206b30f0777ecf019e
  languageName: node
  linkType: hard

"require-from-string@npm:^2.0.2":
  version: 2.0.2
  resolution: "require-from-string@npm:2.0.2"
  checksum: 10c0/aaa267e0c5b022fc5fd4eef49d8285086b15f2a1c54b28240fdf03599cbd9c26049fee3eab894f2e1f6ca65e513b030a7c264201e3f005601e80c49fb2937ce2
  languageName: node
  linkType: hard

"ret@npm:~0.5.0":
  version: 0.5.0
  resolution: "ret@npm:0.5.0"
  checksum: 10c0/220868b194f87bf1998e32e409086eec6b39e860c052bf267f8ad4d0131706a9773d45fd3f91acfb1a7c928fce002b694ab86fdba90bc8d4b8df68fa8645c5cc
  languageName: node
  linkType: hard

"reusify@npm:^1.0.4":
  version: 1.1.0
  resolution: "reusify@npm:1.1.0"
  checksum: 10c0/4eff0d4a5f9383566c7d7ec437b671cc51b25963bd61bf127c3f3d3f68e44a026d99b8d2f1ad344afff8d278a8fe70a8ea092650a716d22287e8bef7126bb2fa
  languageName: node
  linkType: hard

"rfdc@npm:^1.2.0, rfdc@npm:^1.3.1":
  version: 1.4.1
  resolution: "rfdc@npm:1.4.1"
  checksum: 10c0/4614e4292356cafade0b6031527eea9bc90f2372a22c012313be1dcc69a3b90c7338158b414539be863fa95bfcb2ddcd0587be696841af4e6679d85e62c060c7
  languageName: node
  linkType: hard

"rimraf@npm:^5.0.5":
  version: 5.0.5
  resolution: "rimraf@npm:5.0.5"
  dependencies:
    glob: "npm:^10.3.7"
  bin:
    rimraf: dist/esm/bin.mjs
  checksum: 10c0/d50dbe724f33835decd88395b25ed35995077c60a50ae78ded06e0185418914e555817aad1b4243edbff2254548c2f6ad6f70cc850040bebb4da9e8cc016f586
  languageName: node
  linkType: hard

"rxjs@npm:^7.8.1":
  version: 7.8.2
  resolution: "rxjs@npm:7.8.2"
  dependencies:
    tslib: "npm:^2.1.0"
  checksum: 10c0/1fcd33d2066ada98ba8f21fcbbcaee9f0b271de1d38dc7f4e256bfbc6ffcdde68c8bfb69093de7eeb46f24b1fb820620bf0223706cff26b4ab99a7ff7b2e2c45
  languageName: node
  linkType: hard

"safe-regex2@npm:^5.0.0":
  version: 5.0.0
  resolution: "safe-regex2@npm:5.0.0"
  dependencies:
    ret: "npm:~0.5.0"
  checksum: 10c0/83d5b1b60a5a97cb71a6e615518ec4a47761b3600aba389089be59a417498185250db2368080afc2f5e91237d68809c6c634b97a2e1cc8bd56a4c7eef2eeb6cf
  languageName: node
  linkType: hard

"safe-stable-stringify@npm:^2.3.1":
  version: 2.5.0
  resolution: "safe-stable-stringify@npm:2.5.0"
  checksum: 10c0/baea14971858cadd65df23894a40588ed791769db21bafb7fd7608397dbdce9c5aac60748abae9995e0fc37e15f2061980501e012cd48859740796bea2987f49
  languageName: node
  linkType: hard

"secure-json-parse@npm:^3.0.1":
  version: 3.0.2
  resolution: "secure-json-parse@npm:3.0.2"
  checksum: 10c0/4c9c005e7fdd8528df35fcdec41dc4e8e15820ce52de19f8102da808f9400a9ed8c0a28971e3efe24b001ee1e60296af553f12bbaab81a152f702dd00af2092d
  languageName: node
  linkType: hard

"semver@npm:^7.3.5":
  version: 7.5.4
  resolution: "semver@npm:7.5.4"
  dependencies:
    lru-cache: "npm:^6.0.0"
  bin:
    semver: bin/semver.js
  checksum: 10c0/5160b06975a38b11c1ab55950cb5b8a23db78df88275d3d8a42ccf1f29e55112ac995b3a26a522c36e3b5f76b0445f1eef70d696b8c7862a2b4303d7b0e7609e
  languageName: node
  linkType: hard

"semver@npm:^7.6.0":
  version: 7.7.1
  resolution: "semver@npm:7.7.1"
  bin:
    semver: bin/semver.js
  checksum: 10c0/fd603a6fb9c399c6054015433051bdbe7b99a940a8fb44b85c2b524c4004b023d7928d47cb22154f8d054ea7ee8597f586605e05b52047f048278e4ac56ae958
  languageName: node
  linkType: hard

"set-cookie-parser@npm:^2.6.0":
  version: 2.7.1
  resolution: "set-cookie-parser@npm:2.7.1"
  checksum: 10c0/060c198c4c92547ac15988256f445eae523f57f2ceefeccf52d30d75dedf6bff22b9c26f756bd44e8e560d44ff4ab2130b178bd2e52ef5571bf7be3bd7632d9a
  languageName: node
  linkType: hard

"shebang-command@npm:^2.0.0":
  version: 2.0.0
  resolution: "shebang-command@npm:2.0.0"
  dependencies:
    shebang-regex: "npm:^3.0.0"
  checksum: 10c0/a41692e7d89a553ef21d324a5cceb5f686d1f3c040759c50aab69688634688c5c327f26f3ecf7001ebfd78c01f3c7c0a11a7c8bfd0a8bc9f6240d4f40b224e4e
  languageName: node
  linkType: hard

"shebang-regex@npm:^3.0.0":
  version: 3.0.0
  resolution: "shebang-regex@npm:3.0.0"
  checksum: 10c0/1dbed0726dd0e1152a92696c76c7f06084eb32a90f0528d11acd764043aacf76994b2fb30aa1291a21bd019d6699164d048286309a278855ee7bec06cf6fb690
  languageName: node
  linkType: hard

"signal-exit@npm:^4.0.1":
  version: 4.1.0
  resolution: "signal-exit@npm:4.1.0"
  checksum: 10c0/41602dce540e46d599edba9d9860193398d135f7ff72cab629db5171516cfae628d21e7bfccde1bbfdf11c48726bc2a6d1a8fb8701125852fbfda7cf19c6aa83
  languageName: node
  linkType: hard

"sonic-boom@npm:^4.0.1":
  version: 4.2.0
  resolution: "sonic-boom@npm:4.2.0"
  dependencies:
    atomic-sleep: "npm:^1.0.0"
  checksum: 10c0/ae897e6c2cd6d3cb7cdcf608bc182393b19c61c9413a85ce33ffd25891485589f39bece0db1de24381d0a38fc03d08c9862ded0c60f184f1b852f51f97af9684
  languageName: node
  linkType: hard

"split2@npm:^4.0.0":
  version: 4.2.0
  resolution: "split2@npm:4.2.0"
  checksum: 10c0/b292beb8ce9215f8c642bb68be6249c5a4c7f332fc8ecadae7be5cbdf1ea95addc95f0459ef2e7ad9d45fd1064698a097e4eb211c83e772b49bc0ee423e91534
  languageName: node
  linkType: hard

"string-width-cjs@npm:string-width@^4.2.0, string-width@npm:^4.1.0":
  version: 4.2.3
  resolution: "string-width@npm:4.2.3"
  dependencies:
    emoji-regex: "npm:^8.0.0"
    is-fullwidth-code-point: "npm:^3.0.0"
    strip-ansi: "npm:^6.0.1"
  checksum: 10c0/1e525e92e5eae0afd7454086eed9c818ee84374bb80328fc41217ae72ff5f065ef1c9d7f72da41de40c75fa8bb3dee63d92373fd492c84260a552c636392a47b
  languageName: node
  linkType: hard

"string-width@npm:^5.0.1, string-width@npm:^5.1.2":
  version: 5.1.2
  resolution: "string-width@npm:5.1.2"
  dependencies:
    eastasianwidth: "npm:^0.2.0"
    emoji-regex: "npm:^9.2.2"
    strip-ansi: "npm:^7.0.1"
  checksum: 10c0/ab9c4264443d35b8b923cbdd513a089a60de339216d3b0ed3be3ba57d6880e1a192b70ae17225f764d7adbf5994e9bb8df253a944736c15a0240eff553c678ca
  languageName: node
  linkType: hard

"strip-ansi-cjs@npm:strip-ansi@^6.0.1, strip-ansi@npm:^6.0.0, strip-ansi@npm:^6.0.1":
  version: 6.0.1
  resolution: "strip-ansi@npm:6.0.1"
  dependencies:
    ansi-regex: "npm:^5.0.1"
  checksum: 10c0/1ae5f212a126fe5b167707f716942490e3933085a5ff6c008ab97ab2f272c8025d3aa218b7bd6ab25729ca20cc81cddb252102f8751e13482a5199e873680952
  languageName: node
  linkType: hard

"strip-ansi@npm:^7.0.1":
  version: 7.1.0
  resolution: "strip-ansi@npm:7.1.0"
  dependencies:
    ansi-regex: "npm:^6.0.1"
  checksum: 10c0/a198c3762e8832505328cbf9e8c8381de14a4fa50a4f9b2160138158ea88c0f5549fb50cb13c651c3088f47e63a108b34622ec18c0499b6c8c3a5ddf6b305ac4
  languageName: node
  linkType: hard

"thread-stream@npm:^3.0.0":
  version: 3.1.0
  resolution: "thread-stream@npm:3.1.0"
  dependencies:
    real-require: "npm:^0.2.0"
  checksum: 10c0/c36118379940b77a6ef3e6f4d5dd31e97b8210c3f7b9a54eb8fe6358ab173f6d0acfaf69b9c3db024b948c0c5fd2a7df93e2e49151af02076b35ada3205ec9a6
  languageName: node
  linkType: hard

"toad-cache@npm:^3.7.0":
  version: 3.7.0
  resolution: "toad-cache@npm:3.7.0"
  checksum: 10c0/7dae2782ee20b22c9798bb8b71dec7ec6a0091021d2ea9dd6e8afccab6b65b358fdba49a02209fac574499702e2c000660721516c87c2538d1b2c0ba03e8c0c3
  languageName: node
  linkType: hard

"ts-node@npm:^10.9.1":
  version: 10.9.1
  resolution: "ts-node@npm:10.9.1"
  dependencies:
    "@cspotcode/source-map-support": "npm:^0.8.0"
    "@tsconfig/node10": "npm:^1.0.7"
    "@tsconfig/node12": "npm:^1.0.7"
    "@tsconfig/node14": "npm:^1.0.0"
    "@tsconfig/node16": "npm:^1.0.2"
    acorn: "npm:^8.4.1"
    acorn-walk: "npm:^8.1.1"
    arg: "npm:^4.1.0"
    create-require: "npm:^1.1.0"
    diff: "npm:^4.0.1"
    make-error: "npm:^1.1.1"
    v8-compile-cache-lib: "npm:^3.0.1"
    yn: "npm:3.1.1"
  peerDependencies:
    "@swc/core": ">=1.2.50"
    "@swc/wasm": ">=1.2.50"
    "@types/node": "*"
    typescript: ">=2.7"
  peerDependenciesMeta:
    "@swc/core":
      optional: true
    "@swc/wasm":
      optional: true
  bin:
    ts-node: dist/bin.js
    ts-node-cwd: dist/bin-cwd.js
    ts-node-esm: dist/bin-esm.js
    ts-node-script: dist/bin-script.js
    ts-node-transpile-only: dist/bin-transpile.js
    ts-script: dist/bin-script-deprecated.js
  checksum: 10c0/95187932fb83f3901e22546bd2feeac7d2feb4f412f42ac3a595f049a23e8dcf70516dffb51866391228ea2dbcfaea039e250fb2bb334d48a86ab2b6aea0ae2d
  languageName: node
  linkType: hard

"tslib@npm:2.8.1, tslib@npm:^2.1.0":
  version: 2.8.1
  resolution: "tslib@npm:2.8.1"
  checksum: 10c0/9c4759110a19c53f992d9aae23aac5ced636e99887b51b9e61def52611732872ff7668757d4e4c61f19691e36f4da981cd9485e869b4a7408d689f6bf1f14e62
  languageName: node
  linkType: hard

"typescript@npm:^5.2.2":
  version: 5.2.2
  resolution: "typescript@npm:5.2.2"
  bin:
    tsc: bin/tsc
    tsserver: bin/tsserver
  checksum: 10c0/91ae3e6193d0ddb8656d4c418a033f0f75dec5e077ebbc2bd6d76439b93f35683936ee1bdc0e9cf94ec76863aa49f27159b5788219b50e1cd0cd6d110aa34b07
  languageName: node
  linkType: hard

"typescript@patch:typescript@npm%3A^5.2.2#optional!builtin<compat/typescript>":
  version: 5.2.2
  resolution: "typescript@patch:typescript@npm%3A5.2.2#optional!builtin<compat/typescript>::version=5.2.2&hash=f3b441"
  bin:
    tsc: bin/tsc
    tsserver: bin/tsserver
  checksum: 10c0/062c1cee1990e6b9419ce8a55162b8dc917eb87f807e4de0327dbc1c2fa4e5f61bc0dd4e034d38ff541d1ed0479b53bcee8e4de3a4075c51a1724eb6216cb6f5
  languageName: node
  linkType: hard

"uid@npm:2.0.2":
  version: 2.0.2
  resolution: "uid@npm:2.0.2"
  dependencies:
    "@lukeed/csprng": "npm:^1.0.0"
  checksum: 10c0/e9d02d0562c74e74b5a2519e586db9d7f8204978e476cddd191ee1a9efb85efafdbab2dbf3fc3dde0f5da01fd9da161f37d604dabf513447fd2c03d008f1324c
  languageName: node
  linkType: hard

"undici-types@npm:~6.19.2":
  version: 6.19.8
  resolution: "undici-types@npm:6.19.8"
  checksum: 10c0/078afa5990fba110f6824823ace86073b4638f1d5112ee26e790155f481f2a868cc3e0615505b6f4282bdf74a3d8caad715fd809e870c2bb0704e3ea6082f344
  languageName: node
  linkType: hard

"uuid-parse@npm:^1.1.0":
  version: 1.1.0
  resolution: "uuid-parse@npm:1.1.0"
  checksum: 10c0/513d5b0407b8929c54d452e8e286a1f6f00d40a2ebf6607fc7297b9caa40eee35230dcc4ce3f178f84d89704e8147e24d1a33d680a8afb7e12a5700714db7f51
  languageName: node
  linkType: hard

"uuid@npm:^8.3.2":
  version: 8.3.2
  resolution: "uuid@npm:8.3.2"
  bin:
    uuid: dist/bin/uuid
  checksum: 10c0/bcbb807a917d374a49f475fae2e87fdca7da5e5530820ef53f65ba1d12131bd81a92ecf259cc7ce317cbe0f289e7d79fdfebcef9bfa3087c8c8a2fa304c9be54
  languageName: node
  linkType: hard

"v8-compile-cache-lib@npm:^3.0.1":
  version: 3.0.1
  resolution: "v8-compile-cache-lib@npm:3.0.1"
  checksum: 10c0/bdc36fb8095d3b41df197f5fb6f11e3a26adf4059df3213e3baa93810d8f0cc76f9a74aaefc18b73e91fe7e19154ed6f134eda6fded2e0f1c8d2272ed2d2d391
  languageName: node
  linkType: hard

"which@npm:^2.0.1":
  version: 2.0.2
  resolution: "which@npm:2.0.2"
  dependencies:
    isexe: "npm:^2.0.0"
  bin:
    node-which: ./bin/node-which
  checksum: 10c0/66522872a768b60c2a65a57e8ad184e5372f5b6a9ca6d5f033d4b0dc98aff63995655a7503b9c0a2598936f532120e81dd8cc155e2e92ed662a2b9377cc4374f
  languageName: node
  linkType: hard

"wrap-ansi-cjs@npm:wrap-ansi@^7.0.0":
  version: 7.0.0
  resolution: "wrap-ansi@npm:7.0.0"
  dependencies:
    ansi-styles: "npm:^4.0.0"
    string-width: "npm:^4.1.0"
    strip-ansi: "npm:^6.0.0"
  checksum: 10c0/d15fc12c11e4cbc4044a552129ebc75ee3f57aa9c1958373a4db0292d72282f54373b536103987a4a7594db1ef6a4f10acf92978f79b98c49306a4b58c77d4da
  languageName: node
  linkType: hard

"wrap-ansi@npm:^8.1.0":
  version: 8.1.0
  resolution: "wrap-ansi@npm:8.1.0"
  dependencies:
    ansi-styles: "npm:^6.1.0"
    string-width: "npm:^5.0.1"
    strip-ansi: "npm:^7.0.1"
  checksum: 10c0/138ff58a41d2f877eae87e3282c0630fc2789012fc1af4d6bd626eeb9a2f9a65ca92005e6e69a75c7b85a68479fe7443c7dbe1eb8fbaa681a4491364b7c55c60
  languageName: node
  linkType: hard

"yallist@npm:^4.0.0":
  version: 4.0.0
  resolution: "yallist@npm:4.0.0"
  checksum: 10c0/2286b5e8dbfe22204ab66e2ef5cc9bbb1e55dfc873bbe0d568aa943eb255d131890dfd5bf243637273d31119b870f49c18fcde2c6ffbb7a7a092b870dc90625a
  languageName: node
  linkType: hard

"yn@npm:3.1.1":
  version: 3.1.1
  resolution: "yn@npm:3.1.1"
  checksum: 10c0/0732468dd7622ed8a274f640f191f3eaf1f39d5349a1b72836df484998d7d9807fbea094e2f5486d6b0cd2414aad5775972df0e68f8604db89a239f0f4bf7443
  languageName: node
  linkType: hard
